
Microsoft Visual Studio Solution File, Format Version 12.00
# Visual Studio Version 17
VisualStudioVersion = 17.14.36221.1 d17.14
MinimumVisualStudioVersion = 10.0.40219.1
Project("{FAE04EC0-301F-11D3-BF4B-00C04F79EFBC}") = "calculadoraSimple", "calculadoraSimple.csproj", "{1448CD15-FA56-48D1-A65C-A12D3537D846}"
EndProject
Global
	GlobalSection(SolutionConfigurationPlatforms) = preSolution
		Debug|Any CPU = Debug|Any CPU
		Release|Any CPU = Release|Any CPU
	EndGlobalSection
	GlobalSection(ProjectConfigurationPlatforms) = postSolution
		{1448CD15-FA56-48D1-A65C-A12D3537D846}.Debug|Any CPU.ActiveCfg = Debug|Any CPU
		{1448CD15-FA56-48D1-A65C-A12D3537D846}.Debug|Any CPU.Build.0 = Debug|Any CPU
		{1448CD15-FA56-48D1-A65C-A12D3537D846}.Release|Any CPU.ActiveCfg = Release|Any CPU
		{1448CD15-FA56-48D1-A65C-A12D3537D846}.Release|Any CPU.Build.0 = Release|Any CPU
	EndGlobalSection
	GlobalSection(SolutionProperties) = preSolution
		HideSolutionNode = FALSE
	EndGlobalSection
	GlobalSection(ExtensibilityGlobals) = postSolution
		SolutionGuid = {B7576BE5-03A7-40B6-A632-FCDAE0A31818}
	EndGlobalSection
EndGlobal
